
Microsoft Visual Studio Solution File, Format Version 12.00
# Visual Studio 15
VisualStudioVersion = 15.0.26730.12
MinimumVisualStudioVersion = 10.0.40219.1
Project("{FAE04EC0-301F-11D3-BF4B-00C04F79EFBC}") = "Xam_Form_Add.Android", "Xam-Form-Add\Xam_Form_Add.Android\Xam_Form_Add.Android.csproj", "{FCBE303F-F838-4542-A9D1-F5AAF3C1B33A}"
EndProject
Project("{FAE04EC0-301F-11D3-BF4B-00C04F79EFBC}") = "Xam_Form_Add", "Xam-Form-Add\Xam_Form_Add\Xam_Form_Add.csproj", "{DE2BA6B4-1F5A-40EE-B054-05C3068C9D48}"
EndProject
Project("{FAE04EC0-301F-11D3-BF4B-00C04F79EFBC}") = "Xam_Form_Add.UWP", "Xam-Form-Add\Xam_Form_Add.UWP\Xam_Form_Add.UWP.csproj", "{D00D67C0-C107-4F9D-B79F-C0A50E781F07}"
EndProject
Project("{FAE04EC0-301F-11D3-BF4B-00C04F79EFBC}") = "Xam_Form_Add.iOS", "Xam-Form-Add\Xam_Form_Add.iOS\Xam_Form_Add.iOS.csproj", "{696DB156-2E3D-4602-A084-56890C8D2556}"
EndProject
Project("{FAE04EC0-301F-11D3-BF4B-00C04F79EFBC}") = "Xam_Form_Add_UI_Test", "Xam_Form_Add_UI_Test\Xam_Form_Add_UI_Test.csproj", "{F4E3C4BF-F63D-494D-AE16-4A830427FBF5}"
EndProject
Global
	GlobalSection(SolutionConfigurationPlatforms) = preSolution
		Ad-Hoc|Any CPU = Ad-Hoc|Any CPU
		Ad-Hoc|ARM = Ad-Hoc|ARM
		Ad-Hoc|iPhone = Ad-Hoc|iPhone
		Ad-Hoc|iPhoneSimulator = Ad-Hoc|iPhoneSimulator
		Ad-Hoc|x64 = Ad-Hoc|x64
		Ad-Hoc|x86 = Ad-Hoc|x86
		AppStore|Any CPU = AppStore|Any CPU
		AppStore|ARM = AppStore|ARM
		AppStore|iPhone = AppStore|iPhone
		AppStore|iPhoneSimulator = AppStore|iPhoneSimulator
		AppStore|x64 = AppStore|x64
		AppStore|x86 = AppStore|x86
		Debug|Any CPU = Debug|Any CPU
		Debug|ARM = Debug|ARM
		Debug|iPhone = Debug|iPhone
		Debug|iPhoneSimulator = Debug|iPhoneSimulator
		Debug|x64 = Debug|x64
		Debug|x86 = Debug|x86
		Release|Any CPU = Release|Any CPU
		Release|ARM = Release|ARM
		Release|iPhone = Release|iPhone
		Release|iPhoneSimulator = Release|iPhoneSimulator
		Release|x64 = Release|x64
		Release|x86 = Release|x86
	EndGlobalSection
	GlobalSection(ProjectConfigurationPlatforms) = postSolution
		{FCBE303F-F838-4542-A9D1-F5AAF3C1B33A}.Ad-Hoc|Any CPU.ActiveCfg = Release|Any CPU
		{FCBE303F-F838-4542-A9D1-F5AAF3C1B33A}.Ad-Hoc|Any CPU.Build.0 = Release|Any CPU
		{FCBE303F-F838-4542-A9D1-F5AAF3C1B33A}.Ad-Hoc|Any CPU.Deploy.0 = Release|Any CPU
		{FCBE303F-F838-4542-A9D1-F5AAF3C1B33A}.Ad-Hoc|ARM.ActiveCfg = Release|Any CPU
		{FCBE303F-F838-4542-A9D1-F5AAF3C1B33A}.Ad-Hoc|ARM.Build.0 = Release|Any CPU
		{FCBE303F-F838-4542-A9D1-F5AAF3C1B33A}.Ad-Hoc|ARM.Deploy.0 = Release|Any CPU
		{FCBE303F-F838-4542-A9D1-F5AAF3C1B33A}.Ad-Hoc|iPhone.ActiveCfg = Release|Any CPU
		{FCBE303F-F838-4542-A9D1-F5AAF3C1B33A}.Ad-Hoc|iPhone.Build.0 = Release|Any CPU
		{FCBE303F-F838-4542-A9D1-F5AAF3C1B33A}.Ad-Hoc|iPhone.Deploy.0 = Release|Any CPU
		{FCBE303F-F838-4542-A9D1-F5AAF3C1B33A}.Ad-Hoc|iPhoneSimulator.ActiveCfg = Release|Any CPU
		{FCBE303F-F838-4542-A9D1-F5AAF3C1B33A}.Ad-Hoc|iPhoneSimulator.Build.0 = Release|Any CPU
		{FCBE303F-F838-4542-A9D1-F5AAF3C1B33A}.Ad-Hoc|iPhoneSimulator.Deploy.0 = Release|Any CPU
		{FCBE303F-F838-4542-A9D1-F5AAF3C1B33A}.Ad-Hoc|x64.ActiveCfg = Release|Any CPU
		{FCBE303F-F838-4542-A9D1-F5AAF3C1B33A}.Ad-Hoc|x64.Build.0 = Release|Any CPU
		{FCBE303F-F838-4542-A9D1-F5AAF3C1B33A}.Ad-Hoc|x64.Deploy.0 = Release|Any CPU
		{FCBE303F-F838-4542-A9D1-F5AAF3C1B33A}.Ad-Hoc|x86.ActiveCfg = Release|Any CPU
		{FCBE303F-F838-4542-A9D1-F5AAF3C1B33A}.Ad-Hoc|x86.Build.0 = Release|Any CPU
		{FCBE303F-F838-4542-A9D1-F5AAF3C1B33A}.Ad-Hoc|x86.Deploy.0 = Release|Any CPU
		{FCBE303F-F838-4542-A9D1-F5AAF3C1B33A}.AppStore|Any CPU.ActiveCfg = Release|Any CPU
		{FCBE303F-F838-4542-A9D1-F5AAF3C1B33A}.AppStore|Any CPU.Build.0 = Release|Any CPU
		{FCBE303F-F838-4542-A9D1-F5AAF3C1B33A}.AppStore|Any CPU.Deploy.0 = Release|Any CPU
		{FCBE303F-F838-4542-A9D1-F5AAF3C1B33A}.AppStore|ARM.ActiveCfg = Release|Any CPU
		{FCBE303F-F838-4542-A9D1-F5AAF3C1B33A}.AppStore|ARM.Build.0 = Release|Any CPU
		{FCBE303F-F838-4542-A9D1-F5AAF3C1B33A}.AppStore|ARM.Deploy.0 = Release|Any CPU
		{FCBE303F-F838-4542-A9D1-F5AAF3C1B33A}.AppStore|iPhone.ActiveCfg = Release|Any CPU
		{FCBE303F-F838-4542-A9D1-F5AAF3C1B33A}.AppStore|iPhone.Build.0 = Release|Any CPU
		{FCBE303F-F838-4542-A9D1-F5AAF3C1B33A}.AppStore|iPhone.Deploy.0 = Release|Any CPU
		{FCBE303F-F838-4542-A9D1-F5AAF3C1B33A}.AppStore|iPhoneSimulator.ActiveCfg = Release|Any CPU
		{FCBE303F-F838-4542-A9D1-F5AAF3C1B33A}.AppStore|iPhoneSimulator.Build.0 = Release|Any CPU
		{FCBE303F-F838-4542-A9D1-F5AAF3C1B33A}.AppStore|iPhoneSimulator.Deploy.0 = Release|Any CPU
		{FCBE303F-F838-4542-A9D1-F5AAF3C1B33A}.AppStore|x64.ActiveCfg = Release|Any CPU
		{FCBE303F-F838-4542-A9D1-F5AAF3C1B33A}.AppStore|x64.Build.0 = Release|Any CPU
		{FCBE303F-F838-4542-A9D1-F5AAF3C1B33A}.AppStore|x64.Deploy.0 = Release|Any CPU
		{FCBE303F-F838-4542-A9D1-F5AAF3C1B33A}.AppStore|x86.ActiveCfg = Release|Any CPU
		{FCBE303F-F838-4542-A9D1-F5AAF3C1B33A}.AppStore|x86.Build.0 = Release|Any CPU
		{FCBE303F-F838-4542-A9D1-F5AAF3C1B33A}.AppStore|x86.Deploy.0 = Release|Any CPU
		{FCBE303F-F838-4542-A9D1-F5AAF3C1B33A}.Debug|Any CPU.ActiveCfg = Debug|Any CPU
		{FCBE303F-F838-4542-A9D1-F5AAF3C1B33A}.Debug|Any CPU.Build.0 = Debug|Any CPU
		{FCBE303F-F838-4542-A9D1-F5AAF3C1B33A}.Debug|Any CPU.Deploy.0 = Debug|Any CPU
		{FCBE303F-F838-4542-A9D1-F5AAF3C1B33A}.Debug|ARM.ActiveCfg = Debug|Any CPU
		{FCBE303F-F838-4542-A9D1-F5AAF3C1B33A}.Debug|ARM.Build.0 = Debug|Any CPU
		{FCBE303F-F838-4542-A9D1-F5AAF3C1B33A}.Debug|ARM.Deploy.0 = Debug|Any CPU
		{FCBE303F-F838-4542-A9D1-F5AAF3C1B33A}.Debug|iPhone.ActiveCfg = Debug|Any CPU
		{FCBE303F-F838-4542-A9D1-F5AAF3C1B33A}.Debug|iPhone.Build.0 = Debug|Any CPU
		{FCBE303F-F838-4542-A9D1-F5AAF3C1B33A}.Debug|iPhone.Deploy.0 = Debug|Any CPU
		{FCBE303F-F838-4542-A9D1-F5AAF3C1B33A}.Debug|iPhoneSimulator.ActiveCfg = Debug|Any CPU
		{FCBE303F-F838-4542-A9D1-F5AAF3C1B33A}.Debug|iPhoneSimulator.Build.0 = Debug|Any CPU
		{FCBE303F-F838-4542-A9D1-F5AAF3C1B33A}.Debug|iPhoneSimulator.Deploy.0 = Debug|Any CPU
		{FCBE303F-F838-4542-A9D1-F5AAF3C1B33A}.Debug|x64.ActiveCfg = Debug|Any CPU
		{FCBE303F-F838-4542-A9D1-F5AAF3C1B33A}.Debug|x64.Build.0 = Debug|Any CPU
		{FCBE303F-F838-4542-A9D1-F5AAF3C1B33A}.Debug|x64.Deploy.0 = Debug|Any CPU
		{FCBE303F-F838-4542-A9D1-F5AAF3C1B33A}.Debug|x86.ActiveCfg = Debug|Any CPU
		{FCBE303F-F838-4542-A9D1-F5AAF3C1B33A}.Debug|x86.Build.0 = Debug|Any CPU
		{FCBE303F-F838-4542-A9D1-F5AAF3C1B33A}.Debug|x86.Deploy.0 = Debug|Any CPU
		{FCBE303F-F838-4542-A9D1-F5AAF3C1B33A}.Release|Any CPU.ActiveCfg = Release|Any CPU
		{FCBE303F-F838-4542-A9D1-F5AAF3C1B33A}.Release|Any CPU.Build.0 = Release|Any CPU
		{FCBE303F-F838-4542-A9D1-F5AAF3C1B33A}.Release|Any CPU.Deploy.0 = Release|Any CPU
		{FCBE303F-F838-4542-A9D1-F5AAF3C1B33A}.Release|ARM.ActiveCfg = Release|Any CPU
		{FCBE303F-F838-4542-A9D1-F5AAF3C1B33A}.Release|ARM.Build.0 = Release|Any CPU
		{FCBE303F-F838-4542-A9D1-F5AAF3C1B33A}.Release|ARM.Deploy.0 = Release|Any CPU
		{FCBE303F-F838-4542-A9D1-F5AAF3C1B33A}.Release|iPhone.ActiveCfg = Release|Any CPU
		{FCBE303F-F838-4542-A9D1-F5AAF3C1B33A}.Release|iPhone.Build.0 = Release|Any CPU
		{FCBE303F-F838-4542-A9D1-F5AAF3C1B33A}.Release|iPhone.Deploy.0 = Release|Any CPU
		{FCBE303F-F838-4542-A9D1-F5AAF3C1B33A}.Release|iPhoneSimulator.ActiveCfg = Release|Any CPU
		{FCBE303F-F838-4542-A9D1-F5AAF3C1B33A}.Release|iPhoneSimulator.Build.0 = Release|Any CPU
		{FCBE303F-F838-4542-A9D1-F5AAF3C1B33A}.Release|iPhoneSimulator.Deploy.0 = Release|Any CPU
		{FCBE303F-F838-4542-A9D1-F5AAF3C1B33A}.Release|x64.ActiveCfg = Release|Any CPU
		{FCBE303F-F838-4542-A9D1-F5AAF3C1B33A}.Release|x64.Build.0 = Release|Any CPU
		{FCBE303F-F838-4542-A9D1-F5AAF3C1B33A}.Release|x64.Deploy.0 = Release|Any CPU
		{FCBE303F-F838-4542-A9D1-F5AAF3C1B33A}.Release|x86.ActiveCfg = Release|Any CPU
		{FCBE303F-F838-4542-A9D1-F5AAF3C1B33A}.Release|x86.Build.0 = Release|Any CPU
		{FCBE303F-F838-4542-A9D1-F5AAF3C1B33A}.Release|x86.Deploy.0 = Release|Any CPU
		{DE2BA6B4-1F5A-40EE-B054-05C3068C9D48}.Ad-Hoc|Any CPU.ActiveCfg = Release|Any CPU
		{DE2BA6B4-1F5A-40EE-B054-05C3068C9D48}.Ad-Hoc|Any CPU.Build.0 = Release|Any CPU
		{DE2BA6B4-1F5A-40EE-B054-05C3068C9D48}.Ad-Hoc|ARM.ActiveCfg = Release|Any CPU
		{DE2BA6B4-1F5A-40EE-B054-05C3068C9D48}.Ad-Hoc|ARM.Build.0 = Release|Any CPU
		{DE2BA6B4-1F5A-40EE-B054-05C3068C9D48}.Ad-Hoc|iPhone.ActiveCfg = Release|Any CPU
		{DE2BA6B4-1F5A-40EE-B054-05C3068C9D48}.Ad-Hoc|iPhone.Build.0 = Release|Any CPU
		{DE2BA6B4-1F5A-40EE-B054-05C3068C9D48}.Ad-Hoc|iPhoneSimulator.ActiveCfg = Release|Any CPU
		{DE2BA6B4-1F5A-40EE-B054-05C3068C9D48}.Ad-Hoc|iPhoneSimulator.Build.0 = Release|Any CPU
		{DE2BA6B4-1F5A-40EE-B054-05C3068C9D48}.Ad-Hoc|x64.ActiveCfg = Release|Any CPU
		{DE2BA6B4-1F5A-40EE-B054-05C3068C9D48}.Ad-Hoc|x64.Build.0 = Release|Any CPU
		{DE2BA6B4-1F5A-40EE-B054-05C3068C9D48}.Ad-Hoc|x86.ActiveCfg = Release|Any CPU
		{DE2BA6B4-1F5A-40EE-B054-05C3068C9D48}.Ad-Hoc|x86.Build.0 = Release|Any CPU
		{DE2BA6B4-1F5A-40EE-B054-05C3068C9D48}.AppStore|Any CPU.ActiveCfg = Release|Any CPU
		{DE2BA6B4-1F5A-40EE-B054-05C3068C9D48}.AppStore|Any CPU.Build.0 = Release|Any CPU
		{DE2BA6B4-1F5A-40EE-B054-05C3068C9D48}.AppStore|ARM.ActiveCfg = Release|Any CPU
		{DE2BA6B4-1F5A-40EE-B054-05C3068C9D48}.AppStore|ARM.Build.0 = Release|Any CPU
		{DE2BA6B4-1F5A-40EE-B054-05C3068C9D48}.AppStore|iPhone.ActiveCfg = Release|Any CPU
		{DE2BA6B4-1F5A-40EE-B054-05C3068C9D48}.AppStore|iPhone.Build.0 = Release|Any CPU
		{DE2BA6B4-1F5A-40EE-B054-05C3068C9D48}.AppStore|iPhoneSimulator.ActiveCfg = Release|Any CPU
		{DE2BA6B4-1F5A-40EE-B054-05C3068C9D48}.AppStore|iPhoneSimulator.Build.0 = Release|Any CPU
		{DE2BA6B4-1F5A-40EE-B054-05C3068C9D48}.AppStore|x64.ActiveCfg = Release|Any CPU
		{DE2BA6B4-1F5A-40EE-B054-05C3068C9D48}.AppStore|x64.Build.0 = Release|Any CPU
		{DE2BA6B4-1F5A-40EE-B054-05C3068C9D48}.AppStore|x86.ActiveCfg = Release|Any CPU
		{DE2BA6B4-1F5A-40EE-B054-05C3068C9D48}.AppStore|x86.Build.0 = Release|Any CPU
		{DE2BA6B4-1F5A-40EE-B054-05C3068C9D48}.Debug|Any CPU.ActiveCfg = Debug|Any CPU
		{DE2BA6B4-1F5A-40EE-B054-05C3068C9D48}.Debug|Any CPU.Build.0 = Debug|Any CPU
		{DE2BA6B4-1F5A-40EE-B054-05C3068C9D48}.Debug|ARM.ActiveCfg = Debug|Any CPU
		{DE2BA6B4-1F5A-40EE-B054-05C3068C9D48}.Debug|ARM.Build.0 = Debug|Any CPU
		{DE2BA6B4-1F5A-40EE-B054-05C3068C9D48}.Debug|iPhone.ActiveCfg = Debug|Any CPU
		{DE2BA6B4-1F5A-40EE-B054-05C3068C9D48}.Debug|iPhone.Build.0 = Debug|Any CPU
		{DE2BA6B4-1F5A-40EE-B054-05C3068C9D48}.Debug|iPhoneSimulator.ActiveCfg = Debug|Any CPU
		{DE2BA6B4-1F5A-40EE-B054-05C3068C9D48}.Debug|iPhoneSimulator.Build.0 = Debug|Any CPU
		{DE2BA6B4-1F5A-40EE-B054-05C3068C9D48}.Debug|x64.ActiveCfg = Debug|Any CPU
		{DE2BA6B4-1F5A-40EE-B054-05C3068C9D48}.Debug|x64.Build.0 = Debug|Any CPU
		{DE2BA6B4-1F5A-40EE-B054-05C3068C9D48}.Debug|x86.ActiveCfg = Debug|Any CPU
		{DE2BA6B4-1F5A-40EE-B054-05C3068C9D48}.Debug|x86.Build.0 = Debug|Any CPU
		{DE2BA6B4-1F5A-40EE-B054-05C3068C9D48}.Release|Any CPU.ActiveCfg = Release|Any CPU
		{DE2BA6B4-1F5A-40EE-B054-05C3068C9D48}.Release|Any CPU.Build.0 = Release|Any CPU
		{DE2BA6B4-1F5A-40EE-B054-05C3068C9D48}.Release|ARM.ActiveCfg = Release|Any CPU
		{DE2BA6B4-1F5A-40EE-B054-05C3068C9D48}.Release|ARM.Build.0 = Release|Any CPU
		{DE2BA6B4-1F5A-40EE-B054-05C3068C9D48}.Release|iPhone.ActiveCfg = Release|Any CPU
		{DE2BA6B4-1F5A-40EE-B054-05C3068C9D48}.Release|iPhone.Build.0 = Release|Any CPU
		{DE2BA6B4-1F5A-40EE-B054-05C3068C9D48}.Release|iPhoneSimulator.ActiveCfg = Release|Any CPU
		{DE2BA6B4-1F5A-40EE-B054-05C3068C9D48}.Release|iPhoneSimulator.Build.0 = Release|Any CPU
		{DE2BA6B4-1F5A-40EE-B054-05C3068C9D48}.Release|x64.ActiveCfg = Release|Any CPU
		{DE2BA6B4-1F5A-40EE-B054-05C3068C9D48}.Release|x64.Build.0 = Release|Any CPU
		{DE2BA6B4-1F5A-40EE-B054-05C3068C9D48}.Release|x86.ActiveCfg = Release|Any CPU
		{DE2BA6B4-1F5A-40EE-B054-05C3068C9D48}.Release|x86.Build.0 = Release|Any CPU
		{D00D67C0-C107-4F9D-B79F-C0A50E781F07}.Ad-Hoc|Any CPU.ActiveCfg = Release|x86
		{D00D67C0-C107-4F9D-B79F-C0A50E781F07}.Ad-Hoc|Any CPU.Build.0 = Release|x86
		{D00D67C0-C107-4F9D-B79F-C0A50E781F07}.Ad-Hoc|Any CPU.Deploy.0 = Release|x86
		{D00D67C0-C107-4F9D-B79F-C0A50E781F07}.Ad-Hoc|ARM.ActiveCfg = Release|ARM
		{D00D67C0-C107-4F9D-B79F-C0A50E781F07}.Ad-Hoc|ARM.Build.0 = Release|ARM
		{D00D67C0-C107-4F9D-B79F-C0A50E781F07}.Ad-Hoc|ARM.Deploy.0 = Release|ARM
		{D00D67C0-C107-4F9D-B79F-C0A50E781F07}.Ad-Hoc|iPhone.ActiveCfg = Release|x86
		{D00D67C0-C107-4F9D-B79F-C0A50E781F07}.Ad-Hoc|iPhone.Build.0 = Release|x86
		{D00D67C0-C107-4F9D-B79F-C0A50E781F07}.Ad-Hoc|iPhone.Deploy.0 = Release|x86
		{D00D67C0-C107-4F9D-B79F-C0A50E781F07}.Ad-Hoc|iPhoneSimulator.ActiveCfg = Release|x86
		{D00D67C0-C107-4F9D-B79F-C0A50E781F07}.Ad-Hoc|iPhoneSimulator.Build.0 = Release|x86
		{D00D67C0-C107-4F9D-B79F-C0A50E781F07}.Ad-Hoc|iPhoneSimulator.Deploy.0 = Release|x86
		{D00D67C0-C107-4F9D-B79F-C0A50E781F07}.Ad-Hoc|x64.ActiveCfg = Release|x64
		{D00D67C0-C107-4F9D-B79F-C0A50E781F07}.Ad-Hoc|x64.Build.0 = Release|x64
		{D00D67C0-C107-4F9D-B79F-C0A50E781F07}.Ad-Hoc|x64.Deploy.0 = Release|x64
		{D00D67C0-C107-4F9D-B79F-C0A50E781F07}.Ad-Hoc|x86.ActiveCfg = Release|x86
		{D00D67C0-C107-4F9D-B79F-C0A50E781F07}.Ad-Hoc|x86.Build.0 = Release|x86
		{D00D67C0-C107-4F9D-B79F-C0A50E781F07}.Ad-Hoc|x86.Deploy.0 = Release|x86
		{D00D67C0-C107-4F9D-B79F-C0A50E781F07}.AppStore|Any CPU.ActiveCfg = Release|x86
		{D00D67C0-C107-4F9D-B79F-C0A50E781F07}.AppStore|Any CPU.Build.0 = Release|x86
		{D00D67C0-C107-4F9D-B79F-C0A50E781F07}.AppStore|Any CPU.Deploy.0 = Release|x86
		{D00D67C0-C107-4F9D-B79F-C0A50E781F07}.AppStore|ARM.ActiveCfg = Release|ARM
		{D00D67C0-C107-4F9D-B79F-C0A50E781F07}.AppStore|ARM.Build.0 = Release|ARM
		{D00D67C0-C107-4F9D-B79F-C0A50E781F07}.AppStore|ARM.Deploy.0 = Release|ARM
		{D00D67C0-C107-4F9D-B79F-C0A50E781F07}.AppStore|iPhone.ActiveCfg = Release|x86
		{D00D67C0-C107-4F9D-B79F-C0A50E781F07}.AppStore|iPhone.Build.0 = Release|x86
		{D00D67C0-C107-4F9D-B79F-C0A50E781F07}.AppStore|iPhone.Deploy.0 = Release|x86
		{D00D67C0-C107-4F9D-B79F-C0A50E781F07}.AppStore|iPhoneSimulator.ActiveCfg = Release|x86
		{D00D67C0-C107-4F9D-B79F-C0A50E781F07}.AppStore|iPhoneSimulator.Build.0 = Release|x86
		{D00D67C0-C107-4F9D-B79F-C0A50E781F07}.AppStore|iPhoneSimulator.Deploy.0 = Release|x86
		{D00D67C0-C107-4F9D-B79F-C0A50E781F07}.AppStore|x64.ActiveCfg = Release|x64
		{D00D67C0-C107-4F9D-B79F-C0A50E781F07}.AppStore|x64.Build.0 = Release|x64
		{D00D67C0-C107-4F9D-B79F-C0A50E781F07}.AppStore|x64.Deploy.0 = Release|x64
		{D00D67C0-C107-4F9D-B79F-C0A50E781F07}.AppStore|x86.ActiveCfg = Release|x86
		{D00D67C0-C107-4F9D-B79F-C0A50E781F07}.AppStore|x86.Build.0 = Release|x86
		{D00D67C0-C107-4F9D-B79F-C0A50E781F07}.AppStore|x86.Deploy.0 = Release|x86
		{D00D67C0-C107-4F9D-B79F-C0A50E781F07}.Debug|Any CPU.ActiveCfg = Debug|x86
		{D00D67C0-C107-4F9D-B79F-C0A50E781F07}.Debug|ARM.ActiveCfg = Debug|ARM
		{D00D67C0-C107-4F9D-B79F-C0A50E781F07}.Debug|ARM.Build.0 = Debug|ARM
		{D00D67C0-C107-4F9D-B79F-C0A50E781F07}.Debug|ARM.Deploy.0 = Debug|ARM
		{D00D67C0-C107-4F9D-B79F-C0A50E781F07}.Debug|iPhone.ActiveCfg = Debug|x86
		{D00D67C0-C107-4F9D-B79F-C0A50E781F07}.Debug|iPhoneSimulator.ActiveCfg = Debug|x86
		{D00D67C0-C107-4F9D-B79F-C0A50E781F07}.Debug|x64.ActiveCfg = Debug|x64
		{D00D67C0-C107-4F9D-B79F-C0A50E781F07}.Debug|x64.Build.0 = Debug|x64
		{D00D67C0-C107-4F9D-B79F-C0A50E781F07}.Debug|x64.Deploy.0 = Debug|x64
		{D00D67C0-C107-4F9D-B79F-C0A50E781F07}.Debug|x86.ActiveCfg = Debug|x86
		{D00D67C0-C107-4F9D-B79F-C0A50E781F07}.Debug|x86.Build.0 = Debug|x86
		{D00D67C0-C107-4F9D-B79F-C0A50E781F07}.Debug|x86.Deploy.0 = Debug|x86
		{D00D67C0-C107-4F9D-B79F-C0A50E781F07}.Release|Any CPU.ActiveCfg = Release|x86
		{D00D67C0-C107-4F9D-B79F-C0A50E781F07}.Release|ARM.ActiveCfg = Release|ARM
		{D00D67C0-C107-4F9D-B79F-C0A50E781F07}.Release|ARM.Build.0 = Release|ARM
		{D00D67C0-C107-4F9D-B79F-C0A50E781F07}.Release|ARM.Deploy.0 = Release|ARM
		{D00D67C0-C107-4F9D-B79F-C0A50E781F07}.Release|iPhone.ActiveCfg = Release|x86
		{D00D67C0-C107-4F9D-B79F-C0A50E781F07}.Release|iPhoneSimulator.ActiveCfg = Release|x86
		{D00D67C0-C107-4F9D-B79F-C0A50E781F07}.Release|x64.ActiveCfg = Release|x64
		{D00D67C0-C107-4F9D-B79F-C0A50E781F07}.Release|x64.Build.0 = Release|x64
		{D00D67C0-C107-4F9D-B79F-C0A50E781F07}.Release|x64.Deploy.0 = Release|x64
		{D00D67C0-C107-4F9D-B79F-C0A50E781F07}.Release|x86.ActiveCfg = Release|x86
		{D00D67C0-C107-4F9D-B79F-C0A50E781F07}.Release|x86.Build.0 = Release|x86
		{D00D67C0-C107-4F9D-B79F-C0A50E781F07}.Release|x86.Deploy.0 = Release|x86
		{696DB156-2E3D-4602-A084-56890C8D2556}.Ad-Hoc|Any CPU.ActiveCfg = Ad-Hoc|iPhone
		{696DB156-2E3D-4602-A084-56890C8D2556}.Ad-Hoc|ARM.ActiveCfg = Ad-Hoc|iPhone
		{696DB156-2E3D-4602-A084-56890C8D2556}.Ad-Hoc|iPhone.ActiveCfg = Ad-Hoc|iPhone
		{696DB156-2E3D-4602-A084-56890C8D2556}.Ad-Hoc|iPhone.Build.0 = Ad-Hoc|iPhone
		{696DB156-2E3D-4602-A084-56890C8D2556}.Ad-Hoc|iPhoneSimulator.ActiveCfg = Ad-Hoc|iPhoneSimulator
		{696DB156-2E3D-4602-A084-56890C8D2556}.Ad-Hoc|iPhoneSimulator.Build.0 = Ad-Hoc|iPhoneSimulator
		{696DB156-2E3D-4602-A084-56890C8D2556}.Ad-Hoc|x64.ActiveCfg = Ad-Hoc|iPhone
		{696DB156-2E3D-4602-A084-56890C8D2556}.Ad-Hoc|x86.ActiveCfg = Ad-Hoc|iPhone
		{696DB156-2E3D-4602-A084-56890C8D2556}.AppStore|Any CPU.ActiveCfg = AppStore|iPhone
		{696DB156-2E3D-4602-A084-56890C8D2556}.AppStore|ARM.ActiveCfg = AppStore|iPhone
		{696DB156-2E3D-4602-A084-56890C8D2556}.AppStore|iPhone.ActiveCfg = AppStore|iPhone
		{696DB156-2E3D-4602-A084-56890C8D2556}.AppStore|iPhone.Build.0 = AppStore|iPhone
		{696DB156-2E3D-4602-A084-56890C8D2556}.AppStore|iPhoneSimulator.ActiveCfg = AppStore|iPhoneSimulator
		{696DB156-2E3D-4602-A084-56890C8D2556}.AppStore|iPhoneSimulator.Build.0 = AppStore|iPhoneSimulator
		{696DB156-2E3D-4602-A084-56890C8D2556}.AppStore|x64.ActiveCfg = AppStore|iPhone
		{696DB156-2E3D-4602-A084-56890C8D2556}.AppStore|x86.ActiveCfg = AppStore|iPhone
		{696DB156-2E3D-4602-A084-56890C8D2556}.Debug|Any CPU.ActiveCfg = Debug|iPhone
		{696DB156-2E3D-4602-A084-56890C8D2556}.Debug|ARM.ActiveCfg = Debug|iPhone
		{696DB156-2E3D-4602-A084-56890C8D2556}.Debug|iPhone.ActiveCfg = Debug|iPhone
		{696DB156-2E3D-4602-A084-56890C8D2556}.Debug|iPhone.Build.0 = Debug|iPhone
		{696DB156-2E3D-4602-A084-56890C8D2556}.Debug|iPhoneSimulator.ActiveCfg = Debug|iPhoneSimulator
		{696DB156-2E3D-4602-A084-56890C8D2556}.Debug|iPhoneSimulator.Build.0 = Debug|iPhoneSimulator
		{696DB156-2E3D-4602-A084-56890C8D2556}.Debug|x64.ActiveCfg = Debug|iPhone
		{696DB156-2E3D-4602-A084-56890C8D2556}.Debug|x86.ActiveCfg = Debug|iPhone
		{696DB156-2E3D-4602-A084-56890C8D2556}.Release|Any CPU.ActiveCfg = Release|iPhone
		{696DB156-2E3D-4602-A084-56890C8D2556}.Release|ARM.ActiveCfg = Release|iPhone
		{696DB156-2E3D-4602-A084-56890C8D2556}.Release|iPhone.ActiveCfg = Release|iPhone
		{696DB156-2E3D-4602-A084-56890C8D2556}.Release|iPhone.Build.0 = Release|iPhone
		{696DB156-2E3D-4602-A084-56890C8D2556}.Release|iPhoneSimulator.ActiveCfg = Release|iPhoneSimulator
		{696DB156-2E3D-4602-A084-56890C8D2556}.Release|iPhoneSimulator.Build.0 = Release|iPhoneSimulator
		{696DB156-2E3D-4602-A084-56890C8D2556}.Release|x64.ActiveCfg = Release|iPhone
		{696DB156-2E3D-4602-A084-56890C8D2556}.Release|x86.ActiveCfg = Release|iPhone
		{F4E3C4BF-F63D-494D-AE16-4A830427FBF5}.Ad-Hoc|Any CPU.ActiveCfg = Release|Any CPU
		{F4E3C4BF-F63D-494D-AE16-4A830427FBF5}.Ad-Hoc|Any CPU.Build.0 = Release|Any CPU
		{F4E3C4BF-F63D-494D-AE16-4A830427FBF5}.Ad-Hoc|ARM.ActiveCfg = Release|Any CPU
		{F4E3C4BF-F63D-494D-AE16-4A830427FBF5}.Ad-Hoc|ARM.Build.0 = Release|Any CPU
		{F4E3C4BF-F63D-494D-AE16-4A830427FBF5}.Ad-Hoc|iPhone.ActiveCfg = Release|Any CPU
		{F4E3C4BF-F63D-494D-AE16-4A830427FBF5}.Ad-Hoc|iPhone.Build.0 = Release|Any CPU
		{F4E3C4BF-F63D-494D-AE16-4A830427FBF5}.Ad-Hoc|iPhoneSimulator.ActiveCfg = Release|Any CPU
		{F4E3C4BF-F63D-494D-AE16-4A830427FBF5}.Ad-Hoc|iPhoneSimulator.Build.0 = Release|Any CPU
		{F4E3C4BF-F63D-494D-AE16-4A830427FBF5}.Ad-Hoc|x64.ActiveCfg = Release|Any CPU
		{F4E3C4BF-F63D-494D-AE16-4A830427FBF5}.Ad-Hoc|x64.Build.0 = Release|Any CPU
		{F4E3C4BF-F63D-494D-AE16-4A830427FBF5}.Ad-Hoc|x86.ActiveCfg = Release|Any CPU
		{F4E3C4BF-F63D-494D-AE16-4A830427FBF5}.Ad-Hoc|x86.Build.0 = Release|Any CPU
		{F4E3C4BF-F63D-494D-AE16-4A830427FBF5}.AppStore|Any CPU.ActiveCfg = Release|Any CPU
		{F4E3C4BF-F63D-494D-AE16-4A830427FBF5}.AppStore|Any CPU.Build.0 = Release|Any CPU
		{F4E3C4BF-F63D-494D-AE16-4A830427FBF5}.AppStore|ARM.ActiveCfg = Release|Any CPU
		{F4E3C4BF-F63D-494D-AE16-4A830427FBF5}.AppStore|ARM.Build.0 = Release|Any CPU
		{F4E3C4BF-F63D-494D-AE16-4A830427FBF5}.AppStore|iPhone.ActiveCfg = Release|Any CPU
		{F4E3C4BF-F63D-494D-AE16-4A830427FBF5}.AppStore|iPhone.Build.0 = Release|Any CPU
		{F4E3C4BF-F63D-494D-AE16-4A830427FBF5}.AppStore|iPhoneSimulator.ActiveCfg = Release|Any CPU
		{F4E3C4BF-F63D-494D-AE16-4A830427FBF5}.AppStore|iPhoneSimulator.Build.0 = Release|Any CPU
		{F4E3C4BF-F63D-494D-AE16-4A830427FBF5}.AppStore|x64.ActiveCfg = Release|Any CPU
		{F4E3C4BF-F63D-494D-AE16-4A830427FBF5}.AppStore|x64.Build.0 = Release|Any CPU
		{F4E3C4BF-F63D-494D-AE16-4A830427FBF5}.AppStore|x86.ActiveCfg = Release|Any CPU
		{F4E3C4BF-F63D-494D-AE16-4A830427FBF5}.AppStore|x86.Build.0 = Release|Any CPU
		{F4E3C4BF-F63D-494D-AE16-4A830427FBF5}.Debug|Any CPU.ActiveCfg = Debug|Any CPU
		{F4E3C4BF-F63D-494D-AE16-4A830427FBF5}.Debug|Any CPU.Build.0 = Debug|Any CPU
		{F4E3C4BF-F63D-494D-AE16-4A830427FBF5}.Debug|ARM.ActiveCfg = Debug|Any CPU
		{F4E3C4BF-F63D-494D-AE16-4A830427FBF5}.Debug|ARM.Build.0 = Debug|Any CPU
		{F4E3C4BF-F63D-494D-AE16-4A830427FBF5}.Debug|iPhone.ActiveCfg = Debug|Any CPU
		{F4E3C4BF-F63D-494D-AE16-4A830427FBF5}.Debug|iPhone.Build.0 = Debug|Any CPU
		{F4E3C4BF-F63D-494D-AE16-4A830427FBF5}.Debug|iPhoneSimulator.ActiveCfg = Debug|Any CPU
		{F4E3C4BF-F63D-494D-AE16-4A830427FBF5}.Debug|iPhoneSimulator.Build.0 = Debug|Any CPU
		{F4E3C4BF-F63D-494D-AE16-4A830427FBF5}.Debug|x64.ActiveCfg = Debug|Any CPU
		{F4E3C4BF-F63D-494D-AE16-4A830427FBF5}.Debug|x64.Build.0 = Debug|Any CPU
		{F4E3C4BF-F63D-494D-AE16-4A830427FBF5}.Debug|x86.ActiveCfg = Debug|Any CPU
		{F4E3C4BF-F63D-494D-AE16-4A830427FBF5}.Debug|x86.Build.0 = Debug|Any CPU
		{F4E3C4BF-F63D-494D-AE16-4A830427FBF5}.Release|Any CPU.ActiveCfg = Release|Any CPU
		{F4E3C4BF-F63D-494D-AE16-4A830427FBF5}.Release|Any CPU.Build.0 = Release|Any CPU
		{F4E3C4BF-F63D-494D-AE16-4A830427FBF5}.Release|ARM.ActiveCfg = Release|Any CPU
		{F4E3C4BF-F63D-494D-AE16-4A830427FBF5}.Release|ARM.Build.0 = Release|Any CPU
		{F4E3C4BF-F63D-494D-AE16-4A830427FBF5}.Release|iPhone.ActiveCfg = Release|Any CPU
		{F4E3C4BF-F63D-494D-AE16-4A830427FBF5}.Release|iPhone.Build.0 = Release|Any CPU
		{F4E3C4BF-F63D-494D-AE16-4A830427FBF5}.Release|iPhoneSimulator.ActiveCfg = Release|Any CPU
		{F4E3C4BF-F63D-494D-AE16-4A830427FBF5}.Release|iPhoneSimulator.Build.0 = Release|Any CPU
		{F4E3C4BF-F63D-494D-AE16-4A830427FBF5}.Release|x64.ActiveCfg = Release|Any CPU
		{F4E3C4BF-F63D-494D-AE16-4A830427FBF5}.Release|x64.Build.0 = Release|Any CPU
		{F4E3C4BF-F63D-494D-AE16-4A830427FBF5}.Release|x86.ActiveCfg = Release|Any CPU
		{F4E3C4BF-F63D-494D-AE16-4A830427FBF5}.Release|x86.Build.0 = Release|Any CPU
	EndGlobalSection
	GlobalSection(SolutionProperties) = preSolution
		HideSolutionNode = FALSE
	EndGlobalSection
	GlobalSection(ExtensibilityGlobals) = postSolution
		SolutionGuid = {295F3588-9A47-4018-8F66-074BBB94B954}
	EndGlobalSection
EndGlobal
